dependencies:
  '@types/node': 14.6.0
  '@types/which': 2.0.0
  tslib: 2.0.1
  which: 2.0.2
lockfileVersion: 5.2
packages:
  /@types/node/14.6.0:
    dev: false
    resolution:
      integrity: sha512-mikldZQitV94akrc4sCcSjtJfsTKt4p+e/s0AGscVA6XArQ9kFclP+ZiYUMnq987rc6QlYxXv/EivqlfSLxpKA==
  /@types/which/2.0.0:
    dev: false
    resolution:
      integrity: sha512-JHTNOEpZnACQdsTojWggn+SQ8IucfqEhtz7g8Z0G67WdSj4x3F0X5I2c/CVcl8z/QukGrIHeQ/N49v1au74XFQ==
  /isexe/2.0.0:
    dev: false
    resolution:
      integrity: sha1-6PvzdNxVb/iUehDcsFctYz8s+hA=
  /tslib/2.0.1:
    dev: false
    resolution:
      integrity: sha512-SgIkNheinmEBgx1IUNirK0TUD4X9yjjBRTqqjggWCU3pUEqIk3/Uwl3yRixYKT6WjQuGiwDv4NomL3wqRCj+CQ==
  /which/2.0.2:
    dependencies:
      isexe: 2.0.0
    dev: false
    engines:
      node: '>= 8'
    hasBin: true
    resolution:
      integrity: sha512-BLI3Tl1TW3Pvl70l3yq3Y64i+awpwXqsGBYWkkqMtnbXgrMD+yj7rhW0kuEDxzJaYXGjEW5ogapKNMEKNMjibA==
specifiers:
  '@types/node': ^14.6.0
  '@types/which': ^2.0.0
  tslib: ^2.0.1
  which: ^2.0.2
